# @generated by Move, please check-in and do not edit manually.

[move]
version = 3
manifest_digest = "7CC68DE9733EDDB2E94BA50768096BD7879CE8136F10994A7B415E360ADFEDD3"
deps_digest = "F8BBB0CCB2491CA29A3DF03D6F92277A4F3574266507ACD77214D37ECA3F3082"
dependencies = [
  { id = "Sui", name = "Sui" },
]

[[move.package]]
id = "MoveStdlib"
source = { git = "https://github.com/MystenLabs/sui.git", rev = "framework/testnet", subdir = "crates\\sui-framework\\packages\\move-stdlib" }

[[move.package]]
id = "Sui"
source = { git = "https://github.com/MystenLabs/sui.git", rev = "framework/testnet", subdir = "crates/sui-framework/packages/sui-framework" }

dependencies = [
  { id = "MoveStdlib", name = "MoveStdlib" },
]

[move.toolchain-version]
compiler-version = "1.40.3"
edition = "2024.beta"
flavor = "sui"

[env]

[env.testnet]
chain-id = "4c78adac"
original-published-id = "0x18b687ca6f474f4dd7f64668a15c7e86183c43521f2d31551a75d87d5a2c4b60"
latest-published-id = "0x18b687ca6f474f4dd7f64668a15c7e86183c43521f2d31551a75d87d5a2c4b60"
published-version = "1"
